// !$*UTF8*$!
{
	archiveVersion = 1;
	classes = {
	};
	objectVersion = 77;
	objects = {

/* Begin PBXContainerItemProxy section */
		72A875822E311DE9004EE62D /* PBXContainerItemProxy */ = {
			isa = PBXContainerItemProxy;
			containerPortal = 72A875632E311DE7004EE62D /* Project object */;
			proxyType = 1;
			remoteGlobalIDString = 72A8756A2E311DE7004EE62D;
			remoteInfo = SnapPayDemo;
		};
		72A8758C2E311DE9004EE62D /* PBXContainerItemProxy */ = {
			isa = PBXContainerItemProxy;
			containerPortal = 72A875632E311DE7004EE62D /* Project object */;
			proxyType = 1;
			remoteGlobalIDString = 72A8756A2E311DE7004EE62D;
			remoteInfo = SnapPayDemo;
		};
/* End PBXContainerItemProxy section */

/* Begin PBXFileReference section */
		72A8756B2E311DE7004EE62D /* SnapPayDemo.app */ = {isa = PBXFileReference; explicitFileType = wrapper.application; includeInIndex = 0; path = SnapPayDemo.app; sourceTree = BUILT_PRODUCTS_DIR; };
		72A875812E311DE9004EE62D /* SnapPayDemoTests.xctest */ = {isa = PBXFileReference; explicitFileType = wrapper.cfbundle; includeInIndex = 0; path = SnapPayDemoTests.xctest; sourceTree = BUILT_PRODUCTS_DIR; };
		72A8758B2E311DE9004EE62D /* SnapPayDemoUITests.xctest */ = {isa = PBXFileReference; explicitFileType = wrapper.cfbundle; includeInIndex = 0; path = SnapPayDemoUITests.xctest; sourceTree = BUILT_PRODUCTS_DIR; };
/* End PBXFileReference section */

/* Begin PBXFileSystemSynchronizedBuildFileExceptionSet section */
		72A875932E311DE9004EE62D /* Exceptions for "SnapPayDemo" folder in "SnapPayDemo" target */ = {
			isa = PBXFileSystemSynchronizedBuildFileExceptionSet;
			membershipExceptions = (
				Info.plist,
			);
			target = 72A8756A2E311DE7004EE62D /* SnapPayDemo */;
		};
/* End PBXFileSystemSynchronizedBuildFileExceptionSet section */

/* Begin PBXFileSystemSynchronizedRootGroup section */
		72A8756D2E311DE7004EE62D /* SnapPayDemo */ = {
			isa = PBXFileSystemSynchronizedRootGroup;
			exceptions = (
				72A875932E311DE9004EE62D /* Exceptions for "SnapPayDemo" folder in "SnapPayDemo" target */,
			);
			path = SnapPayDemo;
			sourceTree = "<group>";
		};
		72A875842E311DE9004EE62D /* SnapPayDemoTests */ = {
			isa = PBXFileSystemSynchronizedRootGroup;
			path = SnapPayDemoTests;
			sourceTree = "<group>";
		};
		72A8758E2E311DE9004EE62D /* SnapPayDemoUITests */ = {
			isa = PBXFileSystemSynchronizedRootGroup;
			path = SnapPayDemoUITests;
			sourceTree = "<group>";
		};
/* End PBXFileSystemSynchronizedRootGroup section */

/* Begin PBXFrameworksBuildPhase section */
		72A875682E311DE7004EE62D /* Frameworks */ = {
			isa = PBXFrameworksBuildPhase;
			buildActionMask = 2147483647;
			files = (
			);
			runOnlyForDeploymentPostprocessing = 0;
		};
		72A8757E2E311DE9004EE62D /* Frameworks */ = {
			isa = PBXFrameworksBuildPhase;
			buildActionMask = 2147483647;
			files = (
			);
			runOnlyForDeploymentPostprocessing = 0;
		};
		72A875882E311DE9004EE62D /* Frameworks */ = {
			isa = PBXFrameworksBuildPhase;
			buildActionMask = 2147483647;
			files = (
			);
			runOnlyForDeploymentPostprocessing = 0;
		};
/* End PBXFrameworksBuildPhase section */

/* Begin PBXGroup section */
		72A875622E311DE7004EE62D = {
			isa = PBXGroup;
			children = (
				72A8756D2E311DE7004EE62D /* SnapPayDemo */,
				72A875842E311DE9004EE62D /* SnapPayDemoTests */,
				72A8758E2E311DE9004EE62D /* SnapPayDemoUITests */,
				72A8756C2E311DE7004EE62D /* Products */,
			);
			sourceTree = "<group>";
		};
		72A8756C2E311DE7004EE62D /* Products */ = {
			isa = PBXGroup;
			children = (
				72A8756B2E311DE7004EE62D /* SnapPayDemo.app */,
				72A875812E311DE9004EE62D /* SnapPayDemoTests.xctest */,
				72A8758B2E311DE9004EE62D /* SnapPayDemoUITests.xctest */,
			);
			name = Products;
			sourceTree = "<group>";
		};
/* End PBXGroup section */

/* Begin PBXNativeTarget section */
		72A8756A2E311DE7004EE62D /* SnapPayDemo */ = {
			isa = PBXNativeTarget;
			buildConfigurationList = 72A875942E311DE9004EE62D /* Build configuration list for PBXNativeTarget "SnapPayDemo" */;
			buildPhases = (
				72A875672E311DE7004EE62D /* Sources */,
				72A875682E311DE7004EE62D /* Frameworks */,
				72A875692E311DE7004EE62D /* Resources */,
			);
			buildRules = (
			);
			dependencies = (
			);
			fileSystemSynchronizedGroups = (
				72A8756D2E311DE7004EE62D /* SnapPayDemo */,
			);
			name = SnapPayDemo;
			packageProductDependencies = (
			);
			productName = SnapPayDemo;
			productReference = 72A8756B2E311DE7004EE62D /* SnapPayDemo.app */;
			productType = "com.apple.product-type.application";
		};
		72A875802E311DE9004EE62D /* SnapPayDemoTests */ = {
			isa = PBXNativeTarget;
			buildConfigurationList = 72A875992E311DE9004EE62D /* Build configuration list for PBXNativeTarget "SnapPayDemoTests" */;
			buildPhases = (
				72A8757D2E311DE9004EE62D /* Sources */,
				72A8757E2E311DE9004EE62D /* Frameworks */,
				72A8757F2E311DE9004EE62D /* Resources */,
			);
			buildRules = (
			);
			dependencies = (
				72A875832E311DE9004EE62D /* PBXTargetDependency */,
			);
			fileSystemSynchronizedGroups = (
				72A875842E311DE9004EE62D /* SnapPayDemoTests */,
			);
			name = SnapPayDemoTests;
			packageProductDependencies = (
			);
			productName = SnapPayDemoTests;
			productReference = 72A875812E311DE9004EE62D /* SnapPayDemoTests.xctest */;
			productType = "com.apple.product-type.bundle.unit-test";
		};
		72A8758A2E311DE9004EE62D /* SnapPayDemoUITests */ = {
			isa = PBXNativeTarget;
			buildConfigurationList = 72A8759C2E311DE9004EE62D /* Build configuration list for PBXNativeTarget "SnapPayDemoUITests" */;
			buildPhases = (
				72A875872E311DE9004EE62D /* Sources */,
				72A875882E311DE9004EE62D /* Frameworks */,
				72A875892E311DE9004EE62D /* Resources */,
			);
			buildRules = (
			);
			dependencies = (
				72A8758D2E311DE9004EE62D /* PBXTargetDependency */,
			);
			fileSystemSynchronizedGroups = (
				72A8758E2E311DE9004EE62D /* SnapPayDemoUITests */,
			);
			name = SnapPayDemoUITests;
			packageProductDependencies = (
			);
			productName = SnapPayDemoUITests;
			productReference = 72A8758B2E311DE9004EE62D /* SnapPayDemoUITests.xctest */;
			productType = "com.apple.product-type.bundle.ui-testing";
		};
/* End PBXNativeTarget section */

/* Begin PBXProject section */
		72A875632E311DE7004EE62D /* Project object */ = {
			isa = PBXProject;
			attributes = {
				BuildIndependentTargetsInParallel = 1;
				LastSwiftUpdateCheck = 1640;
				LastUpgradeCheck = 1640;
				TargetAttributes = {
					72A8756A2E311DE7004EE62D = {
						CreatedOnToolsVersion = 16.4;
					};
					72A875802E311DE9004EE62D = {
						CreatedOnToolsVersion = 16.4;
						TestTargetID = 72A8756A2E311DE7004EE62D;
					};
					72A8758A2E311DE9004EE62D = {
						CreatedOnToolsVersion = 16.4;
						TestTargetID = 72A8756A2E311DE7004EE62D;
					};
				};
			};
			buildConfigurationList = 72A875662E311DE7004EE62D /* Build configuration list for PBXProject "SnapPayDemo" */;
			developmentRegion = en;
			hasScannedForEncodings = 0;
			knownRegions = (
				en,
				Base,
			);
			mainGroup = 72A875622E311DE7004EE62D;
			minimizedProjectReferenceProxies = 1;
			preferredProjectObjectVersion = 77;
			productRefGroup = 72A8756C2E311DE7004EE62D /* Products */;
			projectDirPath = "";
			projectRoot = "";
			targets = (
				72A8756A2E311DE7004EE62D /* SnapPayDemo */,
				72A875802E311DE9004EE62D /* SnapPayDemoTests */,
				72A8758A2E311DE9004EE62D /* SnapPayDemoUITests */,
			);
		};
/* End PBXProject section */

/* Begin PBXResourcesBuildPhase section */
		72A875692E311DE7004EE62D /* Resources */ = {
			isa = PBXResourcesBuildPhase;
			buildActionMask = 2147483647;
			files = (
			);
			runOnlyForDeploymentPostprocessing = 0;
		};
		72A8757F2E311DE9004EE62D /* Resources */ = {
			isa = PBXResourcesBuildPhase;
			buildActionMask = 2147483647;
			files = (
			);
			runOnlyForDeploymentPostprocessing = 0;
		};
		72A875892E311DE9004EE62D /* Resources */ = {
			isa = PBXResourcesBuildPhase;
			buildActionMask = 2147483647;
			files = (
			);
			runOnlyForDeploymentPostprocessing = 0;
		};
/* End PBXResourcesBuildPhase section */

/* Begin PBXSourcesBuildPhase section */
		72A875672E311DE7004EE62D /* Sources */ = {
			isa = PBXSourcesBuildPhase;
			buildActionMask = 2147483647;
			files = (
			);
			runOnlyForDeploymentPostprocessing = 0;
		};
		72A8757D2E311DE9004EE62D /* Sources */ = {
			isa = PBXSourcesBuildPhase;
			buildActionMask = 2147483647;
			files = (
			);
			runOnlyForDeploymentPostprocessing = 0;
		};
		72A875872E311DE9004EE62D /* Sources */ = {
			isa = PBXSourcesBuildPhase;
			buildActionMask = 2147483647;
			files = (
			);
			runOnlyForDeploymentPostprocessing = 0;
		};
/* End PBXSourcesBuildPhase section */

/* Begin PBXTargetDependency section */
		72A875832E311DE9004EE62D /* PBXTargetDependency */ = {
			isa = PBXTargetDependency;
			target = 72A8756A2E311DE7004EE62D /* SnapPayDemo */;
			targetProxy = 72A875822E311DE9004EE62D /* PBXContainerItemProxy */;
		};
		72A8758D2E311DE9004EE62D /* PBXTargetDependency */ = {
			isa = PBXTargetDependency;
			target = 72A8756A2E311DE7004EE62D /* SnapPayDemo */;
			targetProxy = 72A8758C2E311DE9004EE62D /* PBXContainerItemProxy */;
		};
/* End PBXTargetDependency section */

/* Begin XCBuildConfiguration section */
		72A875952E311DE9004EE62D /* Debug */ = {
			isa = XCBuildConfiguration;
			buildSettings = {
				ASSETCATALOG_COMPILER_APPICON_NAME = AppIcon;
				ASSETCATALOG_COMPILER_GLOBAL_ACCENT_COLOR_NAME = AccentColor;
				CODE_SIGN_STYLE = Automatic;
				CURRENT_PROJECT_VERSION = 1;
				GENERATE_INFOPLIST_FILE = YES;
				INFOPLIST_FILE = SnapPayDemo/Info.plist;
				INFOPLIST_KEY_UIApplicationSupportsIndirectInputEvents = YES;
				INFOPLIST_KEY_UILaunchStoryboardName = LaunchScreen;
				INFOPLIST_KEY_UIMainStoryboardFile = Main;
				INFOPLIST_KEY_UISupportedInterfaceOrientations_iPad = "UIInterfaceOrientationPortrait UIInterfaceOrientationPortraitUpsideDown UIInterfaceOrientationLandscapeLeft UIInterfaceOrientationLandscapeRight";
				INFOPLIST_KEY_UISupportedInterfaceOrientations_iPhone = "UIInterfaceOrientationPortrait UIInterfaceOrientationLandscapeLeft UIInterfaceOrientationLandscapeRight";
				LD_RUNPATH_SEARCH_PATHS = (
					"$(inherited)",
					"@executable_path/Frameworks",
				);
				MARKETING_VERSION = 1.0;
				PRODUCT_BUNDLE_IDENTIFIER = naylinn.dev.SnapPayDemo;
				PRODUCT_NAME = "$(TARGET_NAME)";
				SWIFT_EMIT_LOC_STRINGS = YES;
				SWIFT_VERSION = 5.0;
				TARGETED_DEVICE_FAMILY = "1,2";
			};
			name = Debug;
		};
		72A875962E311DE9004EE62D /* Release */ = {
			isa = XCBuildConfiguration;
			buildSettings = {
				ASSETCATALOG_COMPILER_APPICON_NAME = AppIcon;
				ASSETCATALOG_COMPILER_GLOBAL_ACCENT_COLOR_NAME = AccentColor;
				CODE_SIGN_STYLE = Automatic;
				CURRENT_PROJECT_VERSION = 1;
				GENERATE_INFOPLIST_FILE = YES;
				INFOPLIST_FILE = SnapPayDemo/Info.plist;
				INFOPLIST_KEY_UIApplicationSupportsIndirectInputEvents = YES;
				INFOPLIST_KEY_UILaunchStoryboardName = LaunchScreen;
				INFOPLIST_KEY_UIMainStoryboardFile = Main;
				INFOPLIST_KEY_UISupportedInterfaceOrientations_iPad = "UIInterfaceOrientationPortrait UIInterfaceOrientationPortraitUpsideDown UIInterfaceOrientationLandscapeLeft UIInterfaceOrientationLandscapeRight";
				INFOPLIST_KEY_UISupportedInterfaceOrientations_iPhone = "UIInterfaceOrientationPortrait UIInterfaceOrientationLandscapeLeft UIInterfaceOrientationLandscapeRight";
				LD_RUNPATH_SEARCH_PATHS = (
					"$(inherited)",
					"@executable_path/Frameworks",
				);
				MARKETING_VERSION = 1.0;
				PRODUCT_BUNDLE_IDENTIFIER = naylinn.dev.SnapPayDemo;
				PRODUCT_NAME = "$(TARGET_NAME)";
				SWIFT_EMIT_LOC_STRINGS = YES;
				SWIFT_VERSION = 5.0;
				TARGETED_DEVICE_FAMILY = "1,2";
			};
			name = Release;
		};
		72A875972E311DE9004EE62D /* Debug */ = {
			isa = XCBuildConfiguration;
			buildSettings = {
				ALWAYS_SEARCH_USER_PATHS = NO;
				ASSETCATALOG_COMPILER_GENERATE_SWIFT_ASSET_SYMBOL_EXTENSIONS = YES;
				CLANG_ANALYZER_NONNULL = YES;
				CLANG_ANALYZER_NUMBER_OBJECT_CONVERSION = YES_AGGRESSIVE;
				CLANG_CXX_LANGUAGE_STANDARD = "gnu++20";
				CLANG_ENABLE_MODULES = YES;
				CLANG_ENABLE_OBJC_ARC = YES;
				CLANG_ENABLE_OBJC_WEAK = YES;
				CLANG_WARN_BLOCK_CAPTURE_AUTORELEASING = YES;
				CLANG_WARN_BOOL_CONVERSION = YES;
				CLANG_WARN_COMMA = YES;
				CLANG_WARN_CONSTANT_CONVERSION = YES;
				CLANG_WARN_DEPRECATED_OBJC_IMPLEMENTATIONS = YES;
				CLANG_WARN_DIRECT_OBJC_ISA_USAGE = YES_ERROR;
				CLANG_WARN_DOCUMENTATION_COMMENTS = YES;
				CLANG_WARN_EMPTY_BODY = YES;
				CLANG_WARN_ENUM_CONVERSION = YES;
				CLANG_WARN_INFINITE_RECURSION = YES;
				CLANG_WARN_INT_CONVERSION = YES;
				CLANG_WARN_NON_LITERAL_NULL_CONVERSION = YES;
				CLANG_WARN_OBJC_IMPLICIT_RETAIN_SELF = YES;
				CLANG_WARN_OBJC_LITERAL_CONVERSION = YES;
				CLANG_WARN_OBJC_ROOT_CLASS = YES_ERROR;
				CLANG_WARN_QUOTED_INCLUDE_IN_FRAMEWORK_HEADER = YES;
				CLANG_WARN_RANGE_LOOP_ANALYSIS = YES;
				CLANG_WARN_STRICT_PROTOTYPES = YES;
				CLANG_WARN_SUSPICIOUS_MOVE = YES;
				CLANG_WARN_UNGUARDED_AVAILABILITY = YES_AGGRESSIVE;
				CLANG_WARN_UNREACHABLE_CODE = YES;
				CLANG_WARN__DUPLICATE_METHOD_MATCH = YES;
				COPY_PHASE_STRIP = NO;
				DEBUG_INFORMATION_FORMAT = dwarf;
				ENABLE_STRICT_OBJC_MSGSEND = YES;
				ENABLE_TESTABILITY = YES;
				ENABLE_USER_SCRIPT_SANDBOXING = YES;
				GCC_C_LANGUAGE_STANDARD = gnu17;
				GCC_DYNAMIC_NO_PIC = NO;
				GCC_NO_COMMON_BLOCKS = YES;
				GCC_OPTIMIZATION_LEVEL = 0;
				GCC_PREPROCESSOR_DEFINITIONS = (
					"DEBUG=1",
					"$(inherited)",
				);
				GCC_WARN_64_TO_32_BIT_CONVERSION = YES;
				GCC_WARN_ABOUT_RETURN_TYPE = YES_ERROR;
				GCC_WARN_UNDECLARED_SELECTOR = YES;
				GCC_WARN_UNINITIALIZED_AUTOS = YES_AGGRESSIVE;
				GCC_WARN_UNUSED_FUNCTION = YES;
				GCC_WARN_UNUSED_VARIABLE = YES;
				IPHONEOS_DEPLOYMENT_TARGET = 18.5;
				LOCALIZATION_PREFERS_STRING_CATALOGS = YES;
				MTL_ENABLE_DEBUG_INFO = INCLUDE_SOURCE;
				MTL_FAST_MATH = YES;
				ONLY_ACTIVE_ARCH = YES;
				SDKROOT = iphoneos;
				SWIFT_ACTIVE_COMPILATION_CONDITIONS = "DEBUG $(inherited)";
				SWIFT_OPTIMIZATION_LEVEL = "-Onone";
			};
			name = Debug;
		};
		72A875982E311DE9004EE62D /* Release */ = {
			isa = XCBuildConfiguration;
			buildSettings = {
				ALWAYS_SEARCH_USER_PATHS = NO;
				ASSETCATALOG_COMPILER_GENERATE_SWIFT_ASSET_SYMBOL_EXTENSIONS = YES;
				CLANG_ANALYZER_NONNULL = YES;
				CLANG_ANALYZER_NUMBER_OBJECT_CONVERSION = YES_AGGRESSIVE;
				CLANG_CXX_LANGUAGE_STANDARD = "gnu++20";
				CLANG_ENABLE_MODULES = YES;
				CLANG_ENABLE_OBJC_ARC = YES;
				CLANG_ENABLE_OBJC_WEAK = YES;
				CLANG_WARN_BLOCK_CAPTURE_AUTORELEASING = YES;
				CLANG_WARN_BOOL_CONVERSION = YES;
				CLANG_WARN_COMMA = YES;
				CLANG_WARN_CONSTANT_CONVERSION = YES;
				CLANG_WARN_DEPRECATED_OBJC_IMPLEMENTATIONS = YES;
				CLANG_WARN_DIRECT_OBJC_ISA_USAGE = YES_ERROR;
				CLANG_WARN_DOCUMENTATION_COMMENTS = YES;
				CLANG_WARN_EMPTY_BODY = YES;
				CLANG_WARN_ENUM_CONVERSION = YES;
				CLANG_WARN_INFINITE_RECURSION = YES;
				CLANG_WARN_INT_CONVERSION = YES;
				CLANG_WARN_NON_LITERAL_NULL_CONVERSION = YES;
				CLANG_WARN_OBJC_IMPLICIT_RETAIN_SELF = YES;
				CLANG_WARN_OBJC_LITERAL_CONVERSION = YES;
				CLANG_WARN_OBJC_ROOT_CLASS = YES_ERROR;
				CLANG_WARN_QUOTED_INCLUDE_IN_FRAMEWORK_HEADER = YES;
				CLANG_WARN_RANGE_LOOP_ANALYSIS = YES;
				CLANG_WARN_STRICT_PROTOTYPES = YES;
				CLANG_WARN_SUSPICIOUS_MOVE = YES;
				CLANG_WARN_UNGUARDED_AVAILABILITY = YES_AGGRESSIVE;
				CLANG_WARN_UNREACHABLE_CODE = YES;
				CLANG_WARN__DUPLICATE_METHOD_MATCH = YES;
				COPY_PHASE_STRIP = NO;
				DEBUG_INFORMATION_FORMAT = "dwarf-with-dsym";
				ENABLE_NS_ASSERTIONS = NO;
				ENABLE_STRICT_OBJC_MSGSEND = YES;
				ENABLE_USER_SCRIPT_SANDBOXING = YES;
				GCC_C_LANGUAGE_STANDARD = gnu17;
				GCC_NO_COMMON_BLOCKS = YES;
				GCC_WARN_64_TO_32_BIT_CONVERSION = YES;
				GCC_WARN_ABOUT_RETURN_TYPE = YES_ERROR;
				GCC_WARN_UNDECLARED_SELECTOR = YES;
				GCC_WARN_UNINITIALIZED_AUTOS = YES_AGGRESSIVE;
				GCC_WARN_UNUSED_FUNCTION = YES;
				GCC_WARN_UNUSED_VARIABLE = YES;
				IPHONEOS_DEPLOYMENT_TARGET = 18.5;
				LOCALIZATION_PREFERS_STRING_CATALOGS = YES;
				MTL_ENABLE_DEBUG_INFO = NO;
				MTL_FAST_MATH = YES;
				SDKROOT = iphoneos;
				SWIFT_COMPILATION_MODE = wholemodule;
				VALIDATE_PRODUCT = YES;
			};
			name = Release;
		};
		72A8759A2E311DE9004EE62D /* Debug */ = {
			isa = XCBuildConfiguration;
			buildSettings = {
				BUNDLE_LOADER = "$(TEST_HOST)";
				CODE_SIGN_STYLE = Automatic;
				CURRENT_PROJECT_VERSION = 1;
				GENERATE_INFOPLIST_FILE = YES;
				IPHONEOS_DEPLOYMENT_TARGET = 18.5;
				MARKETING_VERSION = 1.0;
				PRODUCT_BUNDLE_IDENTIFIER = naylinn.dev.SnapPayDemoTests;
				PRODUCT_NAME = "$(TARGET_NAME)";
				SWIFT_EMIT_LOC_STRINGS = NO;
				SWIFT_VERSION = 5.0;
				TARGETED_DEVICE_FAMILY = "1,2";
				TEST_HOST = "$(BUILT_PRODUCTS_DIR)/SnapPayDemo.app/$(BUNDLE_EXECUTABLE_FOLDER_PATH)/SnapPayDemo";
			};
			name = Debug;
		};
		72A8759B2E311DE9004EE62D /* Release */ = {
			isa = XCBuildConfiguration;
			buildSettings = {
				BUNDLE_LOADER = "$(TEST_HOST)";
				CODE_SIGN_STYLE = Automatic;
				CURRENT_PROJECT_VERSION = 1;
				GENERATE_INFOPLIST_FILE = YES;
				IPHONEOS_DEPLOYMENT_TARGET = 18.5;
				MARKETING_VERSION = 1.0;
				PRODUCT_BUNDLE_IDENTIFIER = naylinn.dev.SnapPayDemoTests;
				PRODUCT_NAME = "$(TARGET_NAME)";
				SWIFT_EMIT_LOC_STRINGS = NO;
				SWIFT_VERSION = 5.0;
				TARGETED_DEVICE_FAMILY = "1,2";
				TEST_HOST = "$(BUILT_PRODUCTS_DIR)/SnapPayDemo.app/$(BUNDLE_EXECUTABLE_FOLDER_PATH)/SnapPayDemo";
			};
			name = Release;
		};
		72A8759D2E311DE9004EE62D /* Debug */ = {
			isa = XCBuildConfiguration;
			buildSettings = {
				CODE_SIGN_STYLE = Automatic;
				CURRENT_PROJECT_VERSION = 1;
				GENERATE_INFOPLIST_FILE = YES;
				MARKETING_VERSION = 1.0;
				PRODUCT_BUNDLE_IDENTIFIER = naylinn.dev.SnapPayDemoUITests;
				PRODUCT_NAME = "$(TARGET_NAME)";
				SWIFT_EMIT_LOC_STRINGS = NO;
				SWIFT_VERSION = 5.0;
				TARGETED_DEVICE_FAMILY = "1,2";
				TEST_TARGET_NAME = SnapPayDemo;
			};
			name = Debug;
		};
		72A8759E2E311DE9004EE62D /* Release */ = {
			isa = XCBuildConfiguration;
			buildSettings = {
				CODE_SIGN_STYLE = Automatic;
				CURRENT_PROJECT_VERSION = 1;
				GENERATE_INFOPLIST_FILE = YES;
				MARKETING_VERSION = 1.0;
				PRODUCT_BUNDLE_IDENTIFIER = naylinn.dev.SnapPayDemoUITests;
				PRODUCT_NAME = "$(TARGET_NAME)";
				SWIFT_EMIT_LOC_STRINGS = NO;
				SWIFT_VERSION = 5.0;
				TARGETED_DEVICE_FAMILY = "1,2";
				TEST_TARGET_NAME = SnapPayDemo;
			};
			name = Release;
		};
/* End XCBuildConfiguration section */

/* Begin XCConfigurationList section */
		72A875662E311DE7004EE62D /* Build configuration list for PBXProject "SnapPayDemo" */ = {
			isa = XCConfigurationList;
			buildConfigurations = (
				72A875972E311DE9004EE62D /* Debug */,
				72A875982E311DE9004EE62D /* Release */,
			);
			defaultConfigurationIsVisible = 0;
			defaultConfigurationName = Release;
		};
		72A875942E311DE9004EE62D /* Build configuration list for PBXNativeTarget "SnapPayDemo" */ = {
			isa = XCConfigurationList;
			buildConfigurations = (
				72A875952E311DE9004EE62D /* Debug */,
				72A875962E311DE9004EE62D /* Release */,
			);
			defaultConfigurationIsVisible = 0;
			defaultConfigurationName = Release;
		};
		72A875992E311DE9004EE62D /* Build configuration list for PBXNativeTarget "SnapPayDemoTests" */ = {
			isa = XCConfigurationList;
			buildConfigurations = (
				72A8759A2E311DE9004EE62D /* Debug */,
				72A8759B2E311DE9004EE62D /* Release */,
			);
			defaultConfigurationIsVisible = 0;
			defaultConfigurationName = Release;
		};
		72A8759C2E311DE9004EE62D /* Build configuration list for PBXNativeTarget "SnapPayDemoUITests" */ = {
			isa = XCConfigurationList;
			buildConfigurations = (
				72A8759D2E311DE9004EE62D /* Debug */,
				72A8759E2E311DE9004EE62D /* Release */,
			);
			defaultConfigurationIsVisible = 0;
			defaultConfigurationName = Release;
		};
/* End XCConfigurationList section */
	};
	rootObject = 72A875632E311DE7004EE62D /* Project object */;
}
